# This file is automatically @generated by Cargo.
# It is not intended for manual editing.
version = 3

[[package]]
name = "labradb"
version = "0.1.0"
dependencies = [
 "sqlparser",
]

[[package]]
name = "log"
version = "0.4.20"
source = "registry+https://github.com/rust-lang/crates.io-index"
checksum = "b5e6163cb8c49088c2c36f57875e58ccd8c87c7427f7fbd50ea6710b2f3f2e8f"

[[package]]
name = "sqlparser"
version = "0.38.0"
source = "registry+https://github.com/rust-lang/crates.io-index"
checksum = "0272b7bb0a225320170c99901b4b5fb3a4384e255a7f2cc228f61e2ba3893e75"
dependencies = [
 "log",
]
